PODS:
  - Capsule (1.6.2)
  - Moocher (0.4.3):
    - Moocher/Core (= 0.4.3)
  - Moocher/Core (0.4.3)
  - Moocher/Polling (0.4.3)
  - Quick (7.3.0)
  - SwiftLint (0.54.0)
  - Utensils (0.6.1):
    - Capsule (~> 1.6.2)

DEPENDENCIES:
  - Moocher (= 0.4.3)
  - Moocher/Polling (= 0.4.3)
  - Quick (= 7.3.0)
  - SwiftLint (= 0.54.0)
  - Utensils (= 0.6.1)

SPEC REPOS:
  https://github.com/CocoaPods/Specs.git:
    - Capsule
    - Moocher
    - Quick
    - SwiftLint
    - Utensils

SPEC CHECKSUMS:
  Capsule: 258ab027fefcca8daddc2c4c0973762e49beb39d
  Moocher: 7464a108c098336a50480a7609de4f4aa7176743
  Quick: d32871931c05547cb4e0bc9009d66a18b50d8558
  SwiftLint: c1de071d9d08c8aba837545f6254315bc900e211
  Utensils: 2848ac9ce536b3564482aa63a54e8daab3f5e32f

PODFILE CHECKSUM: 1ef04cf8ff4479d9a9a3b4e75393e272d68f03d3

COCOAPODS: 1.15.2
